<?xml version="1.0" encoding="utf-8"?>
<Project ToolsVersion="17.0" xmlns="http://schemas.microsoft.com/developer/msbuild/2003">
  <ItemGroup>
    <CustomBuild Include="C:\Users\Sam Hallam\Desktop\CSCE 491\Simulator\SPH_Simulator\simulator_2\CMakeFiles\79a515489f4fa7e800c79a106f6cffc8\INSTALL_force.rule">
      <Filter>CMake Rules</Filter>
    </CustomBuild>
  </ItemGroup>
  <ItemGroup>
    <Filter Include="CMake Rules">
      <UniqueIdentifier>{CDFD0E00-BA48-31C6-9D7B-A853F0D8FBB6}</UniqueIdentifier>
    </Filter>
  </ItemGroup>
</Project>
