<?xml version="1.0" encoding="utf-8"?>
<Project ToolsVersion="17.0" xmlns="http://schemas.microsoft.com/developer/msbuild/2003">
  <ItemGroup>
    <ClCompile Include="C:\Users\Sam Hallam\Desktop\CSCE 491\Simulator\SPH_Simulator\src\GLSL.cpp">
      <Filter>Source Files</Filter>
    </ClCompile>
    <ClCompile Include="C:\Users\Sam Hallam\Desktop\CSCE 491\Simulator\SPH_Simulator\src\MatrixStack.cpp">
      <Filter>Source Files</Filter>
    </ClCompile>
    <ClCompile Include="C:\Users\Sam Hallam\Desktop\CSCE 491\Simulator\SPH_Simulator\src\Program.cpp">
      <Filter>Source Files</Filter>
    </ClCompile>
    <ClCompile Include="C:\Users\Sam Hallam\Desktop\CSCE 491\Simulator\SPH_Simulator\src\Shape.cpp">
      <Filter>Source Files</Filter>
    </ClCompile>
    <ClCompile Include="C:\Users\Sam Hallam\Desktop\CSCE 491\Simulator\SPH_Simulator\src\imgui-master\backends\imgui_impl_glfw.cpp">
      <Filter>Source Files</Filter>
    </ClCompile>
    <ClCompile Include="C:\Users\Sam Hallam\Desktop\CSCE 491\Simulator\SPH_Simulator\src\imgui-master\backends\imgui_impl_opengl3.cpp">
      <Filter>Source Files</Filter>
    </ClCompile>
    <ClCompile Include="C:\Users\Sam Hallam\Desktop\CSCE 491\Simulator\SPH_Simulator\src\imgui-master\imgui.cpp">
      <Filter>Source Files</Filter>
    </ClCompile>
    <ClCompile Include="C:\Users\Sam Hallam\Desktop\CSCE 491\Simulator\SPH_Simulator\src\imgui-master\imgui_draw.cpp">
      <Filter>Source Files</Filter>
    </ClCompile>
    <ClCompile Include="C:\Users\Sam Hallam\Desktop\CSCE 491\Simulator\SPH_Simulator\src\imgui-master\imgui_tables.cpp">
      <Filter>Source Files</Filter>
    </ClCompile>
    <ClCompile Include="C:\Users\Sam Hallam\Desktop\CSCE 491\Simulator\SPH_Simulator\src\imgui-master\imgui_widgets.cpp">
      <Filter>Source Files</Filter>
    </ClCompile>
    <ClCompile Include="C:\Users\Sam Hallam\Desktop\CSCE 491\Simulator\SPH_Simulator\src\imgui-master\misc\cpp\imgui_stdlib.cpp">
      <Filter>Source Files</Filter>
    </ClCompile>
    <ClCompile Include="C:\Users\Sam Hallam\Desktop\CSCE 491\Simulator\SPH_Simulator\src\main.cpp">
      <Filter>Source Files</Filter>
    </ClCompile>
  </ItemGroup>
  <ItemGroup>
    <ClInclude Include="C:\Users\Sam Hallam\Desktop\CSCE 491\Simulator\SPH_Simulator\src\GLSL.h">
      <Filter>Header Files</Filter>
    </ClInclude>
    <ClInclude Include="C:\Users\Sam Hallam\Desktop\CSCE 491\Simulator\SPH_Simulator\src\Kernel.h">
      <Filter>Header Files</Filter>
    </ClInclude>
    <ClInclude Include="C:\Users\Sam Hallam\Desktop\CSCE 491\Simulator\SPH_Simulator\src\MatrixStack.h">
      <Filter>Header Files</Filter>
    </ClInclude>
    <ClInclude Include="C:\Users\Sam Hallam\Desktop\CSCE 491\Simulator\SPH_Simulator\src\Particle.h">
      <Filter>Header Files</Filter>
    </ClInclude>
    <ClInclude Include="C:\Users\Sam Hallam\Desktop\CSCE 491\Simulator\SPH_Simulator\src\Plane.h">
      <Filter>Header Files</Filter>
    </ClInclude>
    <ClInclude Include="C:\Users\Sam Hallam\Desktop\CSCE 491\Simulator\SPH_Simulator\src\Program.h">
      <Filter>Header Files</Filter>
    </ClInclude>
    <ClInclude Include="C:\Users\Sam Hallam\Desktop\CSCE 491\Simulator\SPH_Simulator\src\Shape.h">
      <Filter>Header Files</Filter>
    </ClInclude>
    <ClInclude Include="C:\Users\Sam Hallam\Desktop\CSCE 491\Simulator\SPH_Simulator\src\cyBVH.h">
      <Filter>Header Files</Filter>
    </ClInclude>
    <ClInclude Include="C:\Users\Sam Hallam\Desktop\CSCE 491\Simulator\SPH_Simulator\src\cyCore.h">
      <Filter>Header Files</Filter>
    </ClInclude>
    <ClInclude Include="C:\Users\Sam Hallam\Desktop\CSCE 491\Simulator\SPH_Simulator\src\cyPointCloud.h">
      <Filter>Header Files</Filter>
    </ClInclude>
    <ClInclude Include="C:\Users\Sam Hallam\Desktop\CSCE 491\Simulator\SPH_Simulator\src\cyTriMesh.h">
      <Filter>Header Files</Filter>
    </ClInclude>
    <ClInclude Include="C:\Users\Sam Hallam\Desktop\CSCE 491\Simulator\SPH_Simulator\src\cyVector.h">
      <Filter>Header Files</Filter>
    </ClInclude>
    <ClInclude Include="C:\Users\Sam Hallam\Desktop\CSCE 491\Simulator\SPH_Simulator\src\imgui-master\backends\imgui_impl_glfw.h">
      <Filter>Header Files</Filter>
    </ClInclude>
    <ClInclude Include="C:\Users\Sam Hallam\Desktop\CSCE 491\Simulator\SPH_Simulator\src\imgui-master\backends\imgui_impl_opengl3.h">
      <Filter>Header Files</Filter>
    </ClInclude>
    <ClInclude Include="C:\Users\Sam Hallam\Desktop\CSCE 491\Simulator\SPH_Simulator\src\imgui-master\backends\imgui_impl_opengl3_loader.h">
      <Filter>Header Files</Filter>
    </ClInclude>
    <ClInclude Include="C:\Users\Sam Hallam\Desktop\CSCE 491\Simulator\SPH_Simulator\src\imgui-master\imconfig.h">
      <Filter>Header Files</Filter>
    </ClInclude>
    <ClInclude Include="C:\Users\Sam Hallam\Desktop\CSCE 491\Simulator\SPH_Simulator\src\imgui-master\imgui.h">
      <Filter>Header Files</Filter>
    </ClInclude>
    <ClInclude Include="C:\Users\Sam Hallam\Desktop\CSCE 491\Simulator\SPH_Simulator\src\imgui-master\imgui_internal.h">
      <Filter>Header Files</Filter>
    </ClInclude>
    <ClInclude Include="C:\Users\Sam Hallam\Desktop\CSCE 491\Simulator\SPH_Simulator\src\imgui-master\imstb_rectpack.h">
      <Filter>Header Files</Filter>
    </ClInclude>
    <ClInclude Include="C:\Users\Sam Hallam\Desktop\CSCE 491\Simulator\SPH_Simulator\src\imgui-master\imstb_textedit.h">
      <Filter>Header Files</Filter>
    </ClInclude>
    <ClInclude Include="C:\Users\Sam Hallam\Desktop\CSCE 491\Simulator\SPH_Simulator\src\imgui-master\imstb_truetype.h">
      <Filter>Header Files</Filter>
    </ClInclude>
    <ClInclude Include="C:\Users\Sam Hallam\Desktop\CSCE 491\Simulator\SPH_Simulator\src\imgui-master\misc\cpp\imgui_stdlib.h">
      <Filter>Header Files</Filter>
    </ClInclude>
    <ClInclude Include="C:\Users\Sam Hallam\Desktop\CSCE 491\Simulator\SPH_Simulator\src\imgui-master\misc\single_file\imgui_single_file.h">
      <Filter>Header Files</Filter>
    </ClInclude>
    <ClInclude Include="C:\Users\Sam Hallam\Desktop\CSCE 491\Simulator\SPH_Simulator\src\tiny_obj_loader.h">
      <Filter>Header Files</Filter>
    </ClInclude>
  </ItemGroup>
  <ItemGroup>
    <CustomBuild Include="C:\Users\Sam Hallam\Desktop\CSCE 491\Simulator\SPH_Simulator\CMakeLists.txt" />
  </ItemGroup>
  <ItemGroup>
    <None Include="C:\Users\Sam Hallam\Desktop\CSCE 491\Simulator\SPH_Simulator\resources\phong_frag.glsl" />
    <None Include="C:\Users\Sam Hallam\Desktop\CSCE 491\Simulator\SPH_Simulator\resources\phong_vert.glsl" />
    <None Include="C:\Users\Sam Hallam\Desktop\CSCE 491\Simulator\SPH_Simulator\resources\simple_frag.glsl" />
    <None Include="C:\Users\Sam Hallam\Desktop\CSCE 491\Simulator\SPH_Simulator\resources\simple_vert.glsl" />
  </ItemGroup>
  <ItemGroup>
    <Filter Include="Header Files">
      <UniqueIdentifier>{3226ADDF-3806-3B48-B36C-C359D04B6031}</UniqueIdentifier>
    </Filter>
    <Filter Include="Source Files">
      <UniqueIdentifier>{31C0E220-F3C7-3292-B06D-F819E4A7A7EE}</UniqueIdentifier>
    </Filter>
  </ItemGroup>
  <ItemGroup>
    <CudaCompile Include="C:\Users\Sam Hallam\Desktop\CSCE 491\Simulator\SPH_Simulator\src\cuda_kernel.cu">
      <Filter>Source Files</Filter>
    </CudaCompile>
    <CudaCompile Include="C:\Users\Sam Hallam\Desktop\CSCE 491\Simulator\SPH_Simulator\src\cuda_kernel.cuh" />
  </ItemGroup>
</Project>