
Microsoft Visual Studio Solution File, Format Version 12.00
# Visual Studio Version 17
Project("{2150E333-8FDC-42A3-9474-1A3956D46DE8}") = "CMakePredefinedTargets", "CMakePredefinedTargets", "{560F8AB3-4848-36FA-8DD9-89ACC02C422A}"
EndProject
Project("{2150E333-8FDC-42A3-9474-1A3956D46DE8}") = "GLFW3", "GLFW3", "{A00F6092-F929-3462-85B8-3E2AA262A38A}"
EndProject
Project("{8BC9CEB8-8B4A-11D0-8D11-00A0C91BC942}") = "SPH_Simulator", "SPH_Simulator.vcxproj", "{D67A0A3B-1CFE-34F3-ACA1-D6B5AC5D4F92}"
	ProjectSection(ProjectDependencies) = postProject
		{7595DF2F-490B-3FC5-BC76-3325EE177CBF} = {7595DF2F-490B-3FC5-BC76-3325EE177CBF}
		{2F1EAB6C-BC1D-3199-A5A5-3A8E5FA1E67C} = {2F1EAB6C-BC1D-3199-A5A5-3A8E5FA1E67C}
		{49B3E997-EAB5-32C3-86ED-E4B40316011F} = {49B3E997-EAB5-32C3-86ED-E4B40316011F}
	EndProjectSection
EndProject
Project("{8BC9CEB8-8B4A-11D0-8D11-00A0C91BC942}") = "ALL_BUILD", "ALL_BUILD.vcxproj", "{4BB9BE28-A944-3D3D-AAF0-FC475AFAA036}"
	ProjectSection(ProjectDependencies) = postProject
		{7595DF2F-490B-3FC5-BC76-3325EE177CBF} = {7595DF2F-490B-3FC5-BC76-3325EE177CBF}
		{D67A0A3B-1CFE-34F3-ACA1-D6B5AC5D4F92} = {D67A0A3B-1CFE-34F3-ACA1-D6B5AC5D4F92}
		{2F1EAB6C-BC1D-3199-A5A5-3A8E5FA1E67C} = {2F1EAB6C-BC1D-3199-A5A5-3A8E5FA1E67C}
		{49B3E997-EAB5-32C3-86ED-E4B40316011F} = {49B3E997-EAB5-32C3-86ED-E4B40316011F}
	EndProjectSection
EndProject
Project("{8BC9CEB8-8B4A-11D0-8D11-00A0C91BC942}") = "INSTALL", "INSTALL.vcxproj", "{38744931-63DD-33EE-8853-463EE43FDB12}"
	ProjectSection(ProjectDependencies) = postProject
		{4BB9BE28-A944-3D3D-AAF0-FC475AFAA036} = {4BB9BE28-A944-3D3D-AAF0-FC475AFAA036}
		{2F1EAB6C-BC1D-3199-A5A5-3A8E5FA1E67C} = {2F1EAB6C-BC1D-3199-A5A5-3A8E5FA1E67C}
	EndProjectSection
EndProject
Project("{8BC9CEB8-8B4A-11D0-8D11-00A0C91BC942}") = "LeavenLib", "Leaven\lib\LeavenLib.vcxproj", "{7595DF2F-490B-3FC5-BC76-3325EE177CBF}"
	ProjectSection(ProjectDependencies) = postProject
		{2F1EAB6C-BC1D-3199-A5A5-3A8E5FA1E67C} = {2F1EAB6C-BC1D-3199-A5A5-3A8E5FA1E67C}
	EndProjectSection
EndProject
Project("{8BC9CEB8-8B4A-11D0-8D11-00A0C91BC942}") = "ZERO_CHECK", "ZERO_CHECK.vcxproj", "{2F1EAB6C-BC1D-3199-A5A5-3A8E5FA1E67C}"
	ProjectSection(ProjectDependencies) = postProject
	EndProjectSection
EndProject
Project("{8BC9CEB8-8B4A-11D0-8D11-00A0C91BC942}") = "glfw", "C:\glfw-3.3.6\glfw-3.3.6\debug\src\glfw.vcxproj", "{49B3E997-EAB5-32C3-86ED-E4B40316011F}"
	ProjectSection(ProjectDependencies) = postProject
		{2F1EAB6C-BC1D-3199-A5A5-3A8E5FA1E67C} = {2F1EAB6C-BC1D-3199-A5A5-3A8E5FA1E67C}
	EndProjectSection
EndProject
Project("{8BC9CEB8-8B4A-11D0-8D11-00A0C91BC942}") = "uninstall", "C:\glfw-3.3.6\glfw-3.3.6\debug\uninstall.vcxproj", "{A2B861DD-1486-3C85-AB03-AA7408579E74}"
	ProjectSection(ProjectDependencies) = postProject
		{2F1EAB6C-BC1D-3199-A5A5-3A8E5FA1E67C} = {2F1EAB6C-BC1D-3199-A5A5-3A8E5FA1E67C}
	EndProjectSection
EndProject
Project("{8BC9CEB8-8B4A-11D0-8D11-00A0C91BC942}") = "update_mappings", "C:\glfw-3.3.6\glfw-3.3.6\debug\src\update_mappings.vcxproj", "{62E6626C-9472-329E-BEBC-11720141C032}"
	ProjectSection(ProjectDependencies) = postProject
		{2F1EAB6C-BC1D-3199-A5A5-3A8E5FA1E67C} = {2F1EAB6C-BC1D-3199-A5A5-3A8E5FA1E67C}
	EndProjectSection
EndProject
Global
	GlobalSection(SolutionConfigurationPlatforms) = preSolution
		Debug|x64 = Debug|x64
		Release|x64 = Release|x64
		MinSizeRel|x64 = MinSizeRel|x64
		RelWithDebInfo|x64 = RelWithDebInfo|x64
	EndGlobalSection
	GlobalSection(ProjectConfigurationPlatforms) = postSolution
		{D67A0A3B-1CFE-34F3-ACA1-D6B5AC5D4F92}.Debug|x64.ActiveCfg = Debug|x64
		{D67A0A3B-1CFE-34F3-ACA1-D6B5AC5D4F92}.Debug|x64.Build.0 = Debug|x64
		{D67A0A3B-1CFE-34F3-ACA1-D6B5AC5D4F92}.Release|x64.ActiveCfg = Release|x64
		{D67A0A3B-1CFE-34F3-ACA1-D6B5AC5D4F92}.Release|x64.Build.0 = Release|x64
		{D67A0A3B-1CFE-34F3-ACA1-D6B5AC5D4F92}.MinSizeRel|x64.ActiveCfg = MinSizeRel|x64
		{D67A0A3B-1CFE-34F3-ACA1-D6B5AC5D4F92}.MinSizeRel|x64.Build.0 = MinSizeRel|x64
		{D67A0A3B-1CFE-34F3-ACA1-D6B5AC5D4F92}.RelWithDebInfo|x64.ActiveCfg = RelWithDebInfo|x64
		{D67A0A3B-1CFE-34F3-ACA1-D6B5AC5D4F92}.RelWithDebInfo|x64.Build.0 = RelWithDebInfo|x64
		{4BB9BE28-A944-3D3D-AAF0-FC475AFAA036}.Debug|x64.ActiveCfg = Debug|x64
		{4BB9BE28-A944-3D3D-AAF0-FC475AFAA036}.Debug|x64.Build.0 = Debug|x64
		{4BB9BE28-A944-3D3D-AAF0-FC475AFAA036}.Release|x64.ActiveCfg = Release|x64
		{4BB9BE28-A944-3D3D-AAF0-FC475AFAA036}.Release|x64.Build.0 = Release|x64
		{4BB9BE28-A944-3D3D-AAF0-FC475AFAA036}.MinSizeRel|x64.ActiveCfg = MinSizeRel|x64
		{4BB9BE28-A944-3D3D-AAF0-FC475AFAA036}.MinSizeRel|x64.Build.0 = MinSizeRel|x64
		{4BB9BE28-A944-3D3D-AAF0-FC475AFAA036}.RelWithDebInfo|x64.ActiveCfg = RelWithDebInfo|x64
		{4BB9BE28-A944-3D3D-AAF0-FC475AFAA036}.RelWithDebInfo|x64.Build.0 = RelWithDebInfo|x64
		{38744931-63DD-33EE-8853-463EE43FDB12}.Debug|x64.ActiveCfg = Debug|x64
		{38744931-63DD-33EE-8853-463EE43FDB12}.Release|x64.ActiveCfg = Release|x64
		{38744931-63DD-33EE-8853-463EE43FDB12}.MinSizeRel|x64.ActiveCfg = MinSizeRel|x64
		{38744931-63DD-33EE-8853-463EE43FDB12}.RelWithDebInfo|x64.ActiveCfg = RelWithDebInfo|x64
		{7595DF2F-490B-3FC5-BC76-3325EE177CBF}.Debug|x64.ActiveCfg = Debug|x64
		{7595DF2F-490B-3FC5-BC76-3325EE177CBF}.Debug|x64.Build.0 = Debug|x64
		{7595DF2F-490B-3FC5-BC76-3325EE177CBF}.Release|x64.ActiveCfg = Release|x64
		{7595DF2F-490B-3FC5-BC76-3325EE177CBF}.Release|x64.Build.0 = Release|x64
		{7595DF2F-490B-3FC5-BC76-3325EE177CBF}.MinSizeRel|x64.ActiveCfg = MinSizeRel|x64
		{7595DF2F-490B-3FC5-BC76-3325EE177CBF}.MinSizeRel|x64.Build.0 = MinSizeRel|x64
		{7595DF2F-490B-3FC5-BC76-3325EE177CBF}.RelWithDebInfo|x64.ActiveCfg = RelWithDebInfo|x64
		{7595DF2F-490B-3FC5-BC76-3325EE177CBF}.RelWithDebInfo|x64.Build.0 = RelWithDebInfo|x64
		{2F1EAB6C-BC1D-3199-A5A5-3A8E5FA1E67C}.Debug|x64.ActiveCfg = Debug|x64
		{2F1EAB6C-BC1D-3199-A5A5-3A8E5FA1E67C}.Debug|x64.Build.0 = Debug|x64
		{2F1EAB6C-BC1D-3199-A5A5-3A8E5FA1E67C}.Release|x64.ActiveCfg = Release|x64
		{2F1EAB6C-BC1D-3199-A5A5-3A8E5FA1E67C}.Release|x64.Build.0 = Release|x64
		{2F1EAB6C-BC1D-3199-A5A5-3A8E5FA1E67C}.MinSizeRel|x64.ActiveCfg = MinSizeRel|x64
		{2F1EAB6C-BC1D-3199-A5A5-3A8E5FA1E67C}.MinSizeRel|x64.Build.0 = MinSizeRel|x64
		{2F1EAB6C-BC1D-3199-A5A5-3A8E5FA1E67C}.RelWithDebInfo|x64.ActiveCfg = RelWithDebInfo|x64
		{2F1EAB6C-BC1D-3199-A5A5-3A8E5FA1E67C}.RelWithDebInfo|x64.Build.0 = RelWithDebInfo|x64
		{49B3E997-EAB5-32C3-86ED-E4B40316011F}.Debug|x64.ActiveCfg = Debug|x64
		{49B3E997-EAB5-32C3-86ED-E4B40316011F}.Debug|x64.Build.0 = Debug|x64
		{49B3E997-EAB5-32C3-86ED-E4B40316011F}.Release|x64.ActiveCfg = Release|x64
		{49B3E997-EAB5-32C3-86ED-E4B40316011F}.Release|x64.Build.0 = Release|x64
		{49B3E997-EAB5-32C3-86ED-E4B40316011F}.MinSizeRel|x64.ActiveCfg = MinSizeRel|x64
		{49B3E997-EAB5-32C3-86ED-E4B40316011F}.MinSizeRel|x64.Build.0 = MinSizeRel|x64
		{49B3E997-EAB5-32C3-86ED-E4B40316011F}.RelWithDebInfo|x64.ActiveCfg = RelWithDebInfo|x64
		{49B3E997-EAB5-32C3-86ED-E4B40316011F}.RelWithDebInfo|x64.Build.0 = RelWithDebInfo|x64
		{A2B861DD-1486-3C85-AB03-AA7408579E74}.Debug|x64.ActiveCfg = Debug|x64
		{A2B861DD-1486-3C85-AB03-AA7408579E74}.Release|x64.ActiveCfg = Release|x64
		{A2B861DD-1486-3C85-AB03-AA7408579E74}.MinSizeRel|x64.ActiveCfg = MinSizeRel|x64
		{A2B861DD-1486-3C85-AB03-AA7408579E74}.RelWithDebInfo|x64.ActiveCfg = RelWithDebInfo|x64
		{62E6626C-9472-329E-BEBC-11720141C032}.Debug|x64.ActiveCfg = Debug|x64
		{62E6626C-9472-329E-BEBC-11720141C032}.Release|x64.ActiveCfg = Release|x64
		{62E6626C-9472-329E-BEBC-11720141C032}.MinSizeRel|x64.ActiveCfg = MinSizeRel|x64
		{62E6626C-9472-329E-BEBC-11720141C032}.RelWithDebInfo|x64.ActiveCfg = RelWithDebInfo|x64
	EndGlobalSection
	GlobalSection(NestedProjects) = preSolution
		{4BB9BE28-A944-3D3D-AAF0-FC475AFAA036} = {560F8AB3-4848-36FA-8DD9-89ACC02C422A}
		{38744931-63DD-33EE-8853-463EE43FDB12} = {560F8AB3-4848-36FA-8DD9-89ACC02C422A}
		{2F1EAB6C-BC1D-3199-A5A5-3A8E5FA1E67C} = {560F8AB3-4848-36FA-8DD9-89ACC02C422A}
		{49B3E997-EAB5-32C3-86ED-E4B40316011F} = {A00F6092-F929-3462-85B8-3E2AA262A38A}
		{A2B861DD-1486-3C85-AB03-AA7408579E74} = {A00F6092-F929-3462-85B8-3E2AA262A38A}
		{62E6626C-9472-329E-BEBC-11720141C032} = {A00F6092-F929-3462-85B8-3E2AA262A38A}
	EndGlobalSection
	GlobalSection(ExtensibilityGlobals) = postSolution
		SolutionGuid = {92C9A1EF-423A-3A15-81A3-6665213D6959}
	EndGlobalSection
	GlobalSection(ExtensibilityAddIns) = postSolution
	EndGlobalSection
EndGlobal
