<?xml version="1.0" encoding="utf-8"?>
<Project ToolsVersion="17.0" xmlns="http://schemas.microsoft.com/developer/msbuild/2003">
  <ItemGroup>
    <ClCompile Include="C:\Users\Sam Hallam\Desktop\CSCE 491\Simulator\SPH_Simulator\Leaven\lib\src\surfaceSampler.cpp">
      <Filter>Source Files</Filter>
    </ClCompile>
    <ClCompile Include="C:\Users\Sam Hallam\Desktop\CSCE 491\Simulator\SPH_Simulator\Leaven\lib\src\volumeSampler.cpp">
      <Filter>Source Files</Filter>
    </ClCompile>
    <ClCompile Include="C:\Users\Sam Hallam\Desktop\CSCE 491\Simulator\SPH_Simulator\Leaven\lib\ext\Discregrid\discregrid\src\cubic_lagrange_discrete_grid.cpp">
      <Filter>Source Files</Filter>
    </ClCompile>
    <ClCompile Include="C:\Users\Sam Hallam\Desktop\CSCE 491\Simulator\SPH_Simulator\Leaven\lib\ext\Discregrid\discregrid\src\discrete_grid.cpp">
      <Filter>Source Files</Filter>
    </ClCompile>
    <ClCompile Include="C:\Users\Sam Hallam\Desktop\CSCE 491\Simulator\SPH_Simulator\Leaven\lib\ext\Discregrid\discregrid\src\mesh\entity_containers.cpp">
      <Filter>Source Files</Filter>
    </ClCompile>
    <ClCompile Include="C:\Users\Sam Hallam\Desktop\CSCE 491\Simulator\SPH_Simulator\Leaven\lib\ext\Discregrid\discregrid\src\mesh\entity_iterators.cpp">
      <Filter>Source Files</Filter>
    </ClCompile>
    <ClCompile Include="C:\Users\Sam Hallam\Desktop\CSCE 491\Simulator\SPH_Simulator\Leaven\lib\ext\Discregrid\discregrid\src\mesh\triangle_mesh.cpp">
      <Filter>Source Files</Filter>
    </ClCompile>
    <ClCompile Include="C:\Users\Sam Hallam\Desktop\CSCE 491\Simulator\SPH_Simulator\Leaven\lib\ext\Discregrid\discregrid\src\utility\timing.cpp">
      <Filter>Source Files</Filter>
    </ClCompile>
  </ItemGroup>
  <ItemGroup>
    <ClInclude Include="C:\Users\Sam Hallam\Desktop\CSCE 491\Simulator\SPH_Simulator\Leaven\lib\src\common.h">
      <Filter>Header Files</Filter>
    </ClInclude>
    <ClInclude Include="C:\Users\Sam Hallam\Desktop\CSCE 491\Simulator\SPH_Simulator\Leaven\lib\src\surfaceSampler.h">
      <Filter>Header Files</Filter>
    </ClInclude>
    <ClInclude Include="C:\Users\Sam Hallam\Desktop\CSCE 491\Simulator\SPH_Simulator\Leaven\lib\src\typedef.h">
      <Filter>Header Files</Filter>
    </ClInclude>
    <ClInclude Include="C:\Users\Sam Hallam\Desktop\CSCE 491\Simulator\SPH_Simulator\Leaven\lib\src\volumeSampler.h">
      <Filter>Header Files</Filter>
    </ClInclude>
    <ClInclude Include="C:\Users\Sam Hallam\Desktop\CSCE 491\Simulator\SPH_Simulator\Leaven\lib\ext\Discregrid\discregrid\include\Discregrid\cubic_lagrange_discrete_grid.hpp">
      <Filter>Header Files</Filter>
    </ClInclude>
    <ClInclude Include="C:\Users\Sam Hallam\Desktop\CSCE 491\Simulator\SPH_Simulator\Leaven\lib\ext\Discregrid\discregrid\include\Discregrid\discrete_grid.hpp">
      <Filter>Header Files</Filter>
    </ClInclude>
    <ClInclude Include="C:\Users\Sam Hallam\Desktop\CSCE 491\Simulator\SPH_Simulator\Leaven\lib\ext\Discregrid\discregrid\include\Discregrid\geometry\TriangleMeshDistance.h">
      <Filter>Header Files</Filter>
    </ClInclude>
    <ClInclude Include="C:\Users\Sam Hallam\Desktop\CSCE 491\Simulator\SPH_Simulator\Leaven\lib\ext\Discregrid\discregrid\include\Discregrid\mesh\entity_containers.hpp">
      <Filter>Header Files</Filter>
    </ClInclude>
    <ClInclude Include="C:\Users\Sam Hallam\Desktop\CSCE 491\Simulator\SPH_Simulator\Leaven\lib\ext\Discregrid\discregrid\include\Discregrid\mesh\entity_iterators.hpp">
      <Filter>Header Files</Filter>
    </ClInclude>
    <ClInclude Include="C:\Users\Sam Hallam\Desktop\CSCE 491\Simulator\SPH_Simulator\Leaven\lib\ext\Discregrid\discregrid\include\Discregrid\mesh\halfedge.hpp">
      <Filter>Header Files</Filter>
    </ClInclude>
    <ClInclude Include="C:\Users\Sam Hallam\Desktop\CSCE 491\Simulator\SPH_Simulator\Leaven\lib\ext\Discregrid\discregrid\include\Discregrid\mesh\triangle_mesh.hpp">
      <Filter>Header Files</Filter>
    </ClInclude>
    <ClInclude Include="C:\Users\Sam Hallam\Desktop\CSCE 491\Simulator\SPH_Simulator\Leaven\lib\ext\Discregrid\discregrid\include\Discregrid\utility\lru_cache.hpp">
      <Filter>Header Files</Filter>
    </ClInclude>
    <ClInclude Include="C:\Users\Sam Hallam\Desktop\CSCE 491\Simulator\SPH_Simulator\Leaven\lib\ext\Discregrid\discregrid\include\Discregrid\utility\serialize.hpp">
      <Filter>Header Files</Filter>
    </ClInclude>
  </ItemGroup>
  <ItemGroup>
    <CustomBuild Include="C:\Users\Sam Hallam\Desktop\CSCE 491\Simulator\SPH_Simulator\Leaven\lib\CMakeLists.txt" />
  </ItemGroup>
  <ItemGroup>
    <None Include="C:\Users\Sam Hallam\Desktop\CSCE 491\Simulator\SPH_Simulator\Leaven\lib\ext\Discregrid\discregrid\include\Discregrid\All" />
  </ItemGroup>
  <ItemGroup>
    <Filter Include="Header Files">
      <UniqueIdentifier>{3226ADDF-3806-3B48-B36C-C359D04B6031}</UniqueIdentifier>
    </Filter>
    <Filter Include="Source Files">
      <UniqueIdentifier>{31C0E220-F3C7-3292-B06D-F819E4A7A7EE}</UniqueIdentifier>
    </Filter>
  </ItemGroup>
</Project>
