
Microsoft Visual Studio Solution File, Format Version 12.00
# Visual Studio Version 17
Project("{2150E333-8FDC-42A3-9474-1A3956D46DE8}") = "CMakePredefinedTargets", "CMakePredefinedTargets", "{560F8AB3-4848-36FA-8DD9-89ACC02C422A}"
EndProject
Project("{8BC9CEB8-8B4A-11D0-8D11-00A0C91BC942}") = "ALL_BUILD", "ALL_BUILD.vcxproj", "{4BB9BE28-A944-3D3D-AAF0-FC475AFAA036}"
	ProjectSection(ProjectDependencies) = postProject
		{7595DF2F-490B-3FC5-BC76-3325EE177CBF} = {7595DF2F-490B-3FC5-BC76-3325EE177CBF}
		{2F1EAB6C-BC1D-3199-A5A5-3A8E5FA1E67C} = {2F1EAB6C-BC1D-3199-A5A5-3A8E5FA1E67C}
	EndProjectSection
EndProject
Project("{8BC9CEB8-8B4A-11D0-8D11-00A0C91BC942}") = "INSTALL", "INSTALL.vcxproj", "{38744931-63DD-33EE-8853-463EE43FDB12}"
	ProjectSection(ProjectDependencies) = postProject
		{4BB9BE28-A944-3D3D-AAF0-FC475AFAA036} = {4BB9BE28-A944-3D3D-AAF0-FC475AFAA036}
		{2F1EAB6C-BC1D-3199-A5A5-3A8E5FA1E67C} = {2F1EAB6C-BC1D-3199-A5A5-3A8E5FA1E67C}
	EndProjectSection
EndProject
Project("{8BC9CEB8-8B4A-11D0-8D11-00A0C91BC942}") = "LeavenLib", "LeavenLib.vcxproj", "{7595DF2F-490B-3FC5-BC76-3325EE177CBF}"
	ProjectSection(ProjectDependencies) = postProject
		{2F1EAB6C-BC1D-3199-A5A5-3A8E5FA1E67C} = {2F1EAB6C-BC1D-3199-A5A5-3A8E5FA1E67C}
	EndProjectSection
EndProject
Project("{8BC9CEB8-8B4A-11D0-8D11-00A0C91BC942}") = "ZERO_CHECK", "..\..\\ZERO_CHECK.vcxproj", "{2F1EAB6C-BC1D-3199-A5A5-3A8E5FA1E67C}"
	ProjectSection(ProjectDependencies) = postProject
	EndProjectSection
EndProject
Global
	GlobalSection(SolutionConfigurationPlatforms) = preSolution
		Debug|x64 = Debug|x64
		Release|x64 = Release|x64
		MinSizeRel|x64 = MinSizeRel|x64
		RelWithDebInfo|x64 = RelWithDebInfo|x64
	EndGlobalSection
	GlobalSection(ProjectConfigurationPlatforms) = postSolution
		{4BB9BE28-A944-3D3D-AAF0-FC475AFAA036}.Debug|x64.ActiveCfg = Debug|x64
		{4BB9BE28-A944-3D3D-AAF0-FC475AFAA036}.Debug|x64.Build.0 = Debug|x64
		{4BB9BE28-A944-3D3D-AAF0-FC475AFAA036}.Release|x64.ActiveCfg = Release|x64
		{4BB9BE28-A944-3D3D-AAF0-FC475AFAA036}.Release|x64.Build.0 = Release|x64
		{4BB9BE28-A944-3D3D-AAF0-FC475AFAA036}.MinSizeRel|x64.ActiveCfg = MinSizeRel|x64
		{4BB9BE28-A944-3D3D-AAF0-FC475AFAA036}.MinSizeRel|x64.Build.0 = MinSizeRel|x64
		{4BB9BE28-A944-3D3D-AAF0-FC475AFAA036}.RelWithDebInfo|x64.ActiveCfg = RelWithDebInfo|x64
		{4BB9BE28-A944-3D3D-AAF0-FC475AFAA036}.RelWithDebInfo|x64.Build.0 = RelWithDebInfo|x64
		{38744931-63DD-33EE-8853-463EE43FDB12}.Debug|x64.ActiveCfg = Debug|x64
		{38744931-63DD-33EE-8853-463EE43FDB12}.Release|x64.ActiveCfg = Release|x64
		{38744931-63DD-33EE-8853-463EE43FDB12}.MinSizeRel|x64.ActiveCfg = MinSizeRel|x64
		{38744931-63DD-33EE-8853-463EE43FDB12}.RelWithDebInfo|x64.ActiveCfg = RelWithDebInfo|x64
		{7595DF2F-490B-3FC5-BC76-3325EE177CBF}.Debug|x64.ActiveCfg = Debug|x64
		{7595DF2F-490B-3FC5-BC76-3325EE177CBF}.Debug|x64.Build.0 = Debug|x64
		{7595DF2F-490B-3FC5-BC76-3325EE177CBF}.Release|x64.ActiveCfg = Release|x64
		{7595DF2F-490B-3FC5-BC76-3325EE177CBF}.Release|x64.Build.0 = Release|x64
		{7595DF2F-490B-3FC5-BC76-3325EE177CBF}.MinSizeRel|x64.ActiveCfg = MinSizeRel|x64
		{7595DF2F-490B-3FC5-BC76-3325EE177CBF}.MinSizeRel|x64.Build.0 = MinSizeRel|x64
		{7595DF2F-490B-3FC5-BC76-3325EE177CBF}.RelWithDebInfo|x64.ActiveCfg = RelWithDebInfo|x64
		{7595DF2F-490B-3FC5-BC76-3325EE177CBF}.RelWithDebInfo|x64.Build.0 = RelWithDebInfo|x64
		{2F1EAB6C-BC1D-3199-A5A5-3A8E5FA1E67C}.Debug|x64.ActiveCfg = Debug|x64
		{2F1EAB6C-BC1D-3199-A5A5-3A8E5FA1E67C}.Debug|x64.Build.0 = Debug|x64
		{2F1EAB6C-BC1D-3199-A5A5-3A8E5FA1E67C}.Release|x64.ActiveCfg = Release|x64
		{2F1EAB6C-BC1D-3199-A5A5-3A8E5FA1E67C}.Release|x64.Build.0 = Release|x64
		{2F1EAB6C-BC1D-3199-A5A5-3A8E5FA1E67C}.MinSizeRel|x64.ActiveCfg = MinSizeRel|x64
		{2F1EAB6C-BC1D-3199-A5A5-3A8E5FA1E67C}.MinSizeRel|x64.Build.0 = MinSizeRel|x64
		{2F1EAB6C-BC1D-3199-A5A5-3A8E5FA1E67C}.RelWithDebInfo|x64.ActiveCfg = RelWithDebInfo|x64
		{2F1EAB6C-BC1D-3199-A5A5-3A8E5FA1E67C}.RelWithDebInfo|x64.Build.0 = RelWithDebInfo|x64
	EndGlobalSection
	GlobalSection(NestedProjects) = preSolution
		{4BB9BE28-A944-3D3D-AAF0-FC475AFAA036} = {560F8AB3-4848-36FA-8DD9-89ACC02C422A}
		{38744931-63DD-33EE-8853-463EE43FDB12} = {560F8AB3-4848-36FA-8DD9-89ACC02C422A}
		{2F1EAB6C-BC1D-3199-A5A5-3A8E5FA1E67C} = {560F8AB3-4848-36FA-8DD9-89ACC02C422A}
	EndGlobalSection
	GlobalSection(ExtensibilityGlobals) = postSolution
		SolutionGuid = {DC2D64A5-AE3B-3211-AECE-0E5826DD9A12}
	EndGlobalSection
	GlobalSection(ExtensibilityAddIns) = postSolution
	EndGlobalSection
EndGlobal
