
Microsoft Visual Studio Solution File, Format Version 12.00
# Visual Studio Version 17
Project("{2150E333-8FDC-42A3-9474-1A3956D46DE8}") = "CMakePredefinedTargets", "CMakePredefinedTargets", "{C0B6BF13-AB05-38F1-ACDD-30C569370697}"
EndProject
Project("{2150E333-8FDC-42A3-9474-1A3956D46DE8}") = "GLFW3", "GLFW3", "{B77B3599-3D56-3BC8-84A8-8213824283A8}"
EndProject
Project("{8BC9CEB8-8B4A-11D0-8D11-00A0C91BC942}") = "SPH_Simulator", "SPH_Simulator.vcxproj", "{4813548D-D038-3190-B3FA-B5C91022CF33}"
	ProjectSection(ProjectDependencies) = postProject
		{77EAD24A-831C-34C1-B5D0-AD7FDECF812F} = {77EAD24A-831C-34C1-B5D0-AD7FDECF812F}
		{7B70D628-07E2-3F84-A952-6ADC0F1881D4} = {7B70D628-07E2-3F84-A952-6ADC0F1881D4}
	EndProjectSection
EndProject
Project("{8BC9CEB8-8B4A-11D0-8D11-00A0C91BC942}") = "ALL_BUILD", "ALL_BUILD.vcxproj", "{7F88934A-4BF7-3A12-B1DB-D5BDC24CBC7B}"
	ProjectSection(ProjectDependencies) = postProject
		{4813548D-D038-3190-B3FA-B5C91022CF33} = {4813548D-D038-3190-B3FA-B5C91022CF33}
		{77EAD24A-831C-34C1-B5D0-AD7FDECF812F} = {77EAD24A-831C-34C1-B5D0-AD7FDECF812F}
		{7B70D628-07E2-3F84-A952-6ADC0F1881D4} = {7B70D628-07E2-3F84-A952-6ADC0F1881D4}
	EndProjectSection
EndProject
Project("{8BC9CEB8-8B4A-11D0-8D11-00A0C91BC942}") = "INSTALL", "INSTALL.vcxproj", "{B7929E3A-4DEF-3FCB-B52D-818967F039B0}"
	ProjectSection(ProjectDependencies) = postProject
		{7F88934A-4BF7-3A12-B1DB-D5BDC24CBC7B} = {7F88934A-4BF7-3A12-B1DB-D5BDC24CBC7B}
		{77EAD24A-831C-34C1-B5D0-AD7FDECF812F} = {77EAD24A-831C-34C1-B5D0-AD7FDECF812F}
	EndProjectSection
EndProject
Project("{8BC9CEB8-8B4A-11D0-8D11-00A0C91BC942}") = "ZERO_CHECK", "ZERO_CHECK.vcxproj", "{77EAD24A-831C-34C1-B5D0-AD7FDECF812F}"
	ProjectSection(ProjectDependencies) = postProject
	EndProjectSection
EndProject
Project("{8BC9CEB8-8B4A-11D0-8D11-00A0C91BC942}") = "glfw", "C:\glfw-3.3.6\glfw-3.3.6\debug\src\glfw.vcxproj", "{7B70D628-07E2-3F84-A952-6ADC0F1881D4}"
	ProjectSection(ProjectDependencies) = postProject
		{77EAD24A-831C-34C1-B5D0-AD7FDECF812F} = {77EAD24A-831C-34C1-B5D0-AD7FDECF812F}
	EndProjectSection
EndProject
Project("{8BC9CEB8-8B4A-11D0-8D11-00A0C91BC942}") = "uninstall", "C:\glfw-3.3.6\glfw-3.3.6\debug\uninstall.vcxproj", "{051D7B72-2D36-39C3-9C8C-1E5171C07410}"
	ProjectSection(ProjectDependencies) = postProject
		{77EAD24A-831C-34C1-B5D0-AD7FDECF812F} = {77EAD24A-831C-34C1-B5D0-AD7FDECF812F}
	EndProjectSection
EndProject
Project("{8BC9CEB8-8B4A-11D0-8D11-00A0C91BC942}") = "update_mappings", "C:\glfw-3.3.6\glfw-3.3.6\debug\src\update_mappings.vcxproj", "{D3AD5FD8-2990-3493-A177-BF3528676B17}"
	ProjectSection(ProjectDependencies) = postProject
		{77EAD24A-831C-34C1-B5D0-AD7FDECF812F} = {77EAD24A-831C-34C1-B5D0-AD7FDECF812F}
	EndProjectSection
EndProject
Global
	GlobalSection(SolutionConfigurationPlatforms) = preSolution
		Debug|x64 = Debug|x64
		Release|x64 = Release|x64
		MinSizeRel|x64 = MinSizeRel|x64
		RelWithDebInfo|x64 = RelWithDebInfo|x64
	EndGlobalSection
	GlobalSection(ProjectConfigurationPlatforms) = postSolution
		{4813548D-D038-3190-B3FA-B5C91022CF33}.Debug|x64.ActiveCfg = Debug|x64
		{4813548D-D038-3190-B3FA-B5C91022CF33}.Debug|x64.Build.0 = Debug|x64
		{4813548D-D038-3190-B3FA-B5C91022CF33}.Release|x64.ActiveCfg = Release|x64
		{4813548D-D038-3190-B3FA-B5C91022CF33}.Release|x64.Build.0 = Release|x64
		{4813548D-D038-3190-B3FA-B5C91022CF33}.MinSizeRel|x64.ActiveCfg = MinSizeRel|x64
		{4813548D-D038-3190-B3FA-B5C91022CF33}.MinSizeRel|x64.Build.0 = MinSizeRel|x64
		{4813548D-D038-3190-B3FA-B5C91022CF33}.RelWithDebInfo|x64.ActiveCfg = RelWithDebInfo|x64
		{4813548D-D038-3190-B3FA-B5C91022CF33}.RelWithDebInfo|x64.Build.0 = RelWithDebInfo|x64
		{7F88934A-4BF7-3A12-B1DB-D5BDC24CBC7B}.Debug|x64.ActiveCfg = Debug|x64
		{7F88934A-4BF7-3A12-B1DB-D5BDC24CBC7B}.Debug|x64.Build.0 = Debug|x64
		{7F88934A-4BF7-3A12-B1DB-D5BDC24CBC7B}.Release|x64.ActiveCfg = Release|x64
		{7F88934A-4BF7-3A12-B1DB-D5BDC24CBC7B}.Release|x64.Build.0 = Release|x64
		{7F88934A-4BF7-3A12-B1DB-D5BDC24CBC7B}.MinSizeRel|x64.ActiveCfg = MinSizeRel|x64
		{7F88934A-4BF7-3A12-B1DB-D5BDC24CBC7B}.MinSizeRel|x64.Build.0 = MinSizeRel|x64
		{7F88934A-4BF7-3A12-B1DB-D5BDC24CBC7B}.RelWithDebInfo|x64.ActiveCfg = RelWithDebInfo|x64
		{7F88934A-4BF7-3A12-B1DB-D5BDC24CBC7B}.RelWithDebInfo|x64.Build.0 = RelWithDebInfo|x64
		{B7929E3A-4DEF-3FCB-B52D-818967F039B0}.Debug|x64.ActiveCfg = Debug|x64
		{B7929E3A-4DEF-3FCB-B52D-818967F039B0}.Release|x64.ActiveCfg = Release|x64
		{B7929E3A-4DEF-3FCB-B52D-818967F039B0}.MinSizeRel|x64.ActiveCfg = MinSizeRel|x64
		{B7929E3A-4DEF-3FCB-B52D-818967F039B0}.RelWithDebInfo|x64.ActiveCfg = RelWithDebInfo|x64
		{77EAD24A-831C-34C1-B5D0-AD7FDECF812F}.Debug|x64.ActiveCfg = Debug|x64
		{77EAD24A-831C-34C1-B5D0-AD7FDECF812F}.Debug|x64.Build.0 = Debug|x64
		{77EAD24A-831C-34C1-B5D0-AD7FDECF812F}.Release|x64.ActiveCfg = Release|x64
		{77EAD24A-831C-34C1-B5D0-AD7FDECF812F}.Release|x64.Build.0 = Release|x64
		{77EAD24A-831C-34C1-B5D0-AD7FDECF812F}.MinSizeRel|x64.ActiveCfg = MinSizeRel|x64
		{77EAD24A-831C-34C1-B5D0-AD7FDECF812F}.MinSizeRel|x64.Build.0 = MinSizeRel|x64
		{77EAD24A-831C-34C1-B5D0-AD7FDECF812F}.RelWithDebInfo|x64.ActiveCfg = RelWithDebInfo|x64
		{77EAD24A-831C-34C1-B5D0-AD7FDECF812F}.RelWithDebInfo|x64.Build.0 = RelWithDebInfo|x64
		{7B70D628-07E2-3F84-A952-6ADC0F1881D4}.Debug|x64.ActiveCfg = Debug|x64
		{7B70D628-07E2-3F84-A952-6ADC0F1881D4}.Debug|x64.Build.0 = Debug|x64
		{7B70D628-07E2-3F84-A952-6ADC0F1881D4}.Release|x64.ActiveCfg = Release|x64
		{7B70D628-07E2-3F84-A952-6ADC0F1881D4}.Release|x64.Build.0 = Release|x64
		{7B70D628-07E2-3F84-A952-6ADC0F1881D4}.MinSizeRel|x64.ActiveCfg = MinSizeRel|x64
		{7B70D628-07E2-3F84-A952-6ADC0F1881D4}.MinSizeRel|x64.Build.0 = MinSizeRel|x64
		{7B70D628-07E2-3F84-A952-6ADC0F1881D4}.RelWithDebInfo|x64.ActiveCfg = RelWithDebInfo|x64
		{7B70D628-07E2-3F84-A952-6ADC0F1881D4}.RelWithDebInfo|x64.Build.0 = RelWithDebInfo|x64
		{051D7B72-2D36-39C3-9C8C-1E5171C07410}.Debug|x64.ActiveCfg = Debug|x64
		{051D7B72-2D36-39C3-9C8C-1E5171C07410}.Release|x64.ActiveCfg = Release|x64
		{051D7B72-2D36-39C3-9C8C-1E5171C07410}.MinSizeRel|x64.ActiveCfg = MinSizeRel|x64
		{051D7B72-2D36-39C3-9C8C-1E5171C07410}.RelWithDebInfo|x64.ActiveCfg = RelWithDebInfo|x64
		{D3AD5FD8-2990-3493-A177-BF3528676B17}.Debug|x64.ActiveCfg = Debug|x64
		{D3AD5FD8-2990-3493-A177-BF3528676B17}.Release|x64.ActiveCfg = Release|x64
		{D3AD5FD8-2990-3493-A177-BF3528676B17}.MinSizeRel|x64.ActiveCfg = MinSizeRel|x64
		{D3AD5FD8-2990-3493-A177-BF3528676B17}.RelWithDebInfo|x64.ActiveCfg = RelWithDebInfo|x64
	EndGlobalSection
	GlobalSection(NestedProjects) = preSolution
		{7F88934A-4BF7-3A12-B1DB-D5BDC24CBC7B} = {C0B6BF13-AB05-38F1-ACDD-30C569370697}
		{B7929E3A-4DEF-3FCB-B52D-818967F039B0} = {C0B6BF13-AB05-38F1-ACDD-30C569370697}
		{77EAD24A-831C-34C1-B5D0-AD7FDECF812F} = {C0B6BF13-AB05-38F1-ACDD-30C569370697}
		{7B70D628-07E2-3F84-A952-6ADC0F1881D4} = {B77B3599-3D56-3BC8-84A8-8213824283A8}
		{051D7B72-2D36-39C3-9C8C-1E5171C07410} = {B77B3599-3D56-3BC8-84A8-8213824283A8}
		{D3AD5FD8-2990-3493-A177-BF3528676B17} = {B77B3599-3D56-3BC8-84A8-8213824283A8}
	EndGlobalSection
	GlobalSection(ExtensibilityGlobals) = postSolution
		SolutionGuid = {09C02CCB-B624-3837-B6A1-FDA682D26B88}
	EndGlobalSection
	GlobalSection(ExtensibilityAddIns) = postSolution
	EndGlobalSection
EndGlobal
