<?xml version="1.0" encoding="utf-8"?>
<Project ToolsVersion="17.0" xmlns="http://schemas.microsoft.com/developer/msbuild/2003">
  <ItemGroup>
    <CustomBuild Include="C:\Users\Sam Hallam\Desktop\CSCE 491\Simulator\SPH_Simulator\simulator_3\CMakeFiles\725ddaa9f2cf77754b1cd2393cb7aa59\generate.stamp.rule">
      <Filter>CMake Rules</Filter>
    </CustomBuild>
  </ItemGroup>
  <ItemGroup>
    <Filter Include="CMake Rules">
      <UniqueIdentifier>{CD1D19B0-0A16-3EAD-BBBD-850EFF5F9A69}</UniqueIdentifier>
    </Filter>
  </ItemGroup>
</Project>
